
Microsoft Visual Studio Solution File, Format Version 12.00
# Visual Studio Version 16
VisualStudioVersion = 16.0.28729.10
MinimumVisualStudioVersion = 10.0.40219.1
Project("{FAE04EC0-301F-11D3-BF4B-00C04F79EFBC}") = "CrudMVCDBFirst", "CrudMVCDBFirst\CrudMVCDBFirst.csproj", "{F401D176-652C-48AF-8443-76400BF54235}"
EndProject
Global
	GlobalSection(SolutionConfigurationPlatforms) = preSolution
		Debug|Any CPU = Debug|Any CPU
		Release|Any CPU = Release|Any CPU
	EndGlobalSection
	GlobalSection(ProjectConfigurationPlatforms) = postSolution
		{F401D176-652C-48AF-8443-76400BF54235}.Debug|Any CPU.ActiveCfg = Debug|Any CPU
		{F401D176-652C-48AF-8443-76400BF54235}.Debug|Any CPU.Build.0 = Debug|Any CPU
		{F401D176-652C-48AF-8443-76400BF54235}.Release|Any CPU.ActiveCfg = Release|Any CPU
		{F401D176-652C-48AF-8443-76400BF54235}.Release|Any CPU.Build.0 = Release|Any CPU
	EndGlobalSection
	GlobalSection(SolutionProperties) = preSolution
		HideSolutionNode = FALSE
	EndGlobalSection
	GlobalSection(ExtensibilityGlobals) = postSolution
		SolutionGuid = {954CFAE4-6EB0-4B1A-A1A6-7A7AECAA4847}
	EndGlobalSection
EndGlobal
